
Microsoft Visual Studio Solution File, Format Version 12.00
# Visual Studio Version 17
VisualStudioVersion = 17.8.34525.116
MinimumVisualStudioVersion = 10.0.40219.1
Project("{FAE04EC0-301F-11D3-BF4B-00C04F79EFBC}") = "transparent-button", "transparent-button\transparent-button.csproj", "{FC38B166-0C87-4A0A-9B95-CD00FC4ECCF8}"
EndProject
Global
	GlobalSection(SolutionConfigurationPlatforms) = preSolution
		Debug|Any CPU = Debug|Any CPU
		Release|Any CPU = Release|Any CPU
	EndGlobalSection
	GlobalSection(ProjectConfigurationPlatforms) = postSolution
		{FC38B166-0C87-4A0A-9B95-CD00FC4ECCF8}.Debug|Any CPU.ActiveCfg = Debug|Any CPU
		{FC38B166-0C87-4A0A-9B95-CD00FC4ECCF8}.Debug|Any CPU.Build.0 = Debug|Any CPU
		{FC38B166-0C87-4A0A-9B95-CD00FC4ECCF8}.Release|Any CPU.ActiveCfg = Release|Any CPU
		{FC38B166-0C87-4A0A-9B95-CD00FC4ECCF8}.Release|Any CPU.Build.0 = Release|Any CPU
	EndGlobalSection
	GlobalSection(SolutionProperties) = preSolution
		HideSolutionNode = FALSE
	EndGlobalSection
	GlobalSection(ExtensibilityGlobals) = postSolution
		SolutionGuid = {B5F7F09E-BAC1-4D97-972A-2931AC480C43}
	EndGlobalSection
EndGlobal
